
Microsoft Visual Studio Solution File, Format Version 12.00
# Visual Studio 15
VisualStudioVersion = 15.0.28307.106
MinimumVisualStudioVersion = 10.0.40219.1
Project("{FAE04EC0-301F-11D3-BF4B-00C04F79EFBC}") = "NTAA441", "NTAA441inner\NTAA441.csproj", "{9F19BF1F-76A5-437E-8255-82982EEA7403}"
EndProject
Global
	GlobalSection(SolutionConfigurationPlatforms) = preSolution
		Debug|Any CPU = Debug|Any CPU
		Release|Any CPU = Release|Any CPU
	EndGlobalSection
	GlobalSection(ProjectConfigurationPlatforms) = postSolution
		{9F19BF1F-76A5-437E-8255-82982EEA7403}.Debug|Any CPU.ActiveCfg = Debug|Any CPU
		{9F19BF1F-76A5-437E-8255-82982EEA7403}.Debug|Any CPU.Build.0 = Debug|Any CPU
		{9F19BF1F-76A5-437E-8255-82982EEA7403}.Release|Any CPU.ActiveCfg = Release|Any CPU
		{9F19BF1F-76A5-437E-8255-82982EEA7403}.Release|Any CPU.Build.0 = Release|Any CPU
	EndGlobalSection
	GlobalSection(SolutionProperties) = preSolution
		HideSolutionNode = FALSE
	EndGlobalSection
	GlobalSection(ExtensibilityGlobals) = postSolution
		SolutionGuid = {436AFEF5-5127-4CC2-9F44-A4AEF9C631B1}
	EndGlobalSection
EndGlobal
